
Microsoft Visual Studio Solution File, Format Version 12.00
# Visual Studio Version 17
VisualStudioVersion = 17.5.33530.505
MinimumVisualStudioVersion = 10.0.40219.1
Project("{9A19103F-16F7-4668-BE54-9A1E7A4F7556}") = "minecraftCustomToolbox", "minecraftCustomToolbox.csproj", "{5245D96C-E10A-406D-9808-1DF43A4FB508}"
EndProject
Global
	GlobalSection(SolutionConfigurationPlatforms) = preSolution
		Debug|Any CPU = Debug|Any CPU
		Release|Any CPU = Release|Any CPU
	EndGlobalSection
	GlobalSection(ProjectConfigurationPlatforms) = postSolution
		{5245D96C-E10A-406D-9808-1DF43A4FB508}.Debug|Any CPU.ActiveCfg = Debug|Any CPU
		{5245D96C-E10A-406D-9808-1DF43A4FB508}.Debug|Any CPU.Build.0 = Debug|Any CPU
		{5245D96C-E10A-406D-9808-1DF43A4FB508}.Release|Any CPU.ActiveCfg = Release|Any CPU
		{5245D96C-E10A-406D-9808-1DF43A4FB508}.Release|Any CPU.Build.0 = Release|Any CPU
	EndGlobalSection
	GlobalSection(SolutionProperties) = preSolution
		HideSolutionNode = FALSE
	EndGlobalSection
	GlobalSection(ExtensibilityGlobals) = postSolution
		SolutionGuid = {DDD5B8FE-4D20-44D9-803E-A1C2E2B7B3D8}
	EndGlobalSection
EndGlobal
